
Microsoft Visual Studio Solution File, Format Version 12.00
# Visual Studio Version 16
VisualStudioVersion = 16.0.30114.105
MinimumVisualStudioVersion = 10.0.40219.1
Project("{FAE04EC0-301F-11D3-BF4B-00C04F79EFBC}") = "WPF_Exam", "WPF_13_Exam\WPF_Exam.csproj", "{C9EB9629-485D-4CCF-A6B0-7939FD45220D}"
EndProject
Global
	GlobalSection(SolutionConfigurationPlatforms) = preSolution
		Debug|Any CPU = Debug|Any CPU
		Release|Any CPU = Release|Any CPU
	EndGlobalSection
	GlobalSection(ProjectConfigurationPlatforms) = postSolution
		{C9EB9629-485D-4CCF-A6B0-7939FD45220D}.Debug|Any CPU.ActiveCfg = Debug|Any CPU
		{C9EB9629-485D-4CCF-A6B0-7939FD45220D}.Debug|Any CPU.Build.0 = Debug|Any CPU
		{C9EB9629-485D-4CCF-A6B0-7939FD45220D}.Release|Any CPU.ActiveCfg = Release|Any CPU
		{C9EB9629-485D-4CCF-A6B0-7939FD45220D}.Release|Any CPU.Build.0 = Release|Any CPU
	EndGlobalSection
	GlobalSection(SolutionProperties) = preSolution
		HideSolutionNode = FALSE
	EndGlobalSection
	GlobalSection(ExtensibilityGlobals) = postSolution
		SolutionGuid = {C1C5C389-3374-4B31-BE61-C2E0AAC06FED}
	EndGlobalSection
EndGlobal
