
Microsoft Visual Studio Solution File, Format Version 12.00
# Visual Studio Version 16
VisualStudioVersion = 16.0.30114.105
MinimumVisualStudioVersion = 10.0.40219.1
Project("{FAE04EC0-301F-11D3-BF4B-00C04F79EFBC}") = "WPF_05_KeyboardTrainer", "WPF_05_KeyboardTrainer\WPF_05_KeyboardTrainer.csproj", "{DBD2C9DA-154E-42A1-A299-B6340A0447CB}"
EndProject
Global
	GlobalSection(SolutionConfigurationPlatforms) = preSolution
		Debug|Any CPU = Debug|Any CPU
		Release|Any CPU = Release|Any CPU
	EndGlobalSection
	GlobalSection(ProjectConfigurationPlatforms) = postSolution
		{DBD2C9DA-154E-42A1-A299-B6340A0447CB}.Debug|Any CPU.ActiveCfg = Debug|Any CPU
		{DBD2C9DA-154E-42A1-A299-B6340A0447CB}.Debug|Any CPU.Build.0 = Debug|Any CPU
		{DBD2C9DA-154E-42A1-A299-B6340A0447CB}.Release|Any CPU.ActiveCfg = Release|Any CPU
		{DBD2C9DA-154E-42A1-A299-B6340A0447CB}.Release|Any CPU.Build.0 = Release|Any CPU
	EndGlobalSection
	GlobalSection(SolutionProperties) = preSolution
		HideSolutionNode = FALSE
	EndGlobalSection
	GlobalSection(ExtensibilityGlobals) = postSolution
		SolutionGuid = {0E6A168F-59A9-438C-B369-1108E9C6A1EF}
	EndGlobalSection
EndGlobal
