
Microsoft Visual Studio Solution File, Format Version 12.00
# Visual Studio Version 16
VisualStudioVersion = 16.0.30114.105
MinimumVisualStudioVersion = 10.0.40219.1
Project("{FAE04EC0-301F-11D3-BF4B-00C04F79EFBC}") = "WPF_04_Media", "WPF_04_Media\WPF_04_Media.csproj", "{84327B50-3C4B-4BC8-93EA-D660DD00CB9E}"
EndProject
Global
	GlobalSection(SolutionConfigurationPlatforms) = preSolution
		Debug|Any CPU = Debug|Any CPU
		Release|Any CPU = Release|Any CPU
	EndGlobalSection
	GlobalSection(ProjectConfigurationPlatforms) = postSolution
		{84327B50-3C4B-4BC8-93EA-D660DD00CB9E}.Debug|Any CPU.ActiveCfg = Debug|Any CPU
		{84327B50-3C4B-4BC8-93EA-D660DD00CB9E}.Debug|Any CPU.Build.0 = Debug|Any CPU
		{84327B50-3C4B-4BC8-93EA-D660DD00CB9E}.Release|Any CPU.ActiveCfg = Release|Any CPU
		{84327B50-3C4B-4BC8-93EA-D660DD00CB9E}.Release|Any CPU.Build.0 = Release|Any CPU
	EndGlobalSection
	GlobalSection(SolutionProperties) = preSolution
		HideSolutionNode = FALSE
	EndGlobalSection
	GlobalSection(ExtensibilityGlobals) = postSolution
		SolutionGuid = {39C994AB-5D2B-4204-9FC0-DFAF6F5C7192}
	EndGlobalSection
EndGlobal
